
Microsoft Visual Studio Solution File, Format Version 12.00
# Visual Studio Version 17
VisualStudioVersion = 17.8.34330.188
MinimumVisualStudioVersion = 10.0.40219.1
Project("{9A19103F-16F7-4668-BE54-9A1E7A4F7556}") = "ISL.TPP.Core", "ISL.TPP.Core\ISL.TPP.Core.csproj", "{9A2923F7-9347-47E2-83B5-41828A56EAAC}"
EndProject
Project("{9A19103F-16F7-4668-BE54-9A1E7A4F7556}") = "ISL.TPP.Core.Tests.Unit", "ISL.TPP.Core.Tests.Unit\ISL.TPP.Core.Tests.Unit.csproj", "{B99B58A1-130E-4640-98C1-F1C40745782A}"
EndProject
Project("{9A19103F-16F7-4668-BE54-9A1E7A4F7556}") = "ISL.TPP.Core.Tests.Acceptance", "ISL.TPP.Core.Tests.Acceptance\ISL.TPP.Core.Tests.Acceptance.csproj", "{3B2665B9-58FA-4766-AD80-13DC1CBDDCA4}"
EndProject
Project("{2150E333-8FDC-42A3-9474-1A3956D46DE8}") = "Core", "Core", "{308FCAF7-7B1B-4FAC-A695-C0A34846EA68}"
EndProject
Project("{2150E333-8FDC-42A3-9474-1A3956D46DE8}") = "Windows Services", "Windows Services", "{69D760BC-C84A-478A-95E3-1921B1D267C6}"
EndProject
Project("{9A19103F-16F7-4668-BE54-9A1E7A4F7556}") = "ISL.TPP.WorkerService", "ISL.TPP.WorkerService\ISL.TPP.WorkerService.csproj", "{654CFE23-769A-490C-ACA5-2CF0B0E29929}"
EndProject
Project("{9A19103F-16F7-4668-BE54-9A1E7A4F7556}") = "ISL.TPP.Core.Tests.Integrations", "ISL.TPP.Core.Tests.Integration\ISL.TPP.Core.Tests.Integrations.csproj", "{9A9AE8E2-271B-4D37-BD1F-A0300F2D1F3E}"
EndProject
Project("{FAE04EC0-301F-11D3-BF4B-00C04F79EFBC}") = "ISL.TPP.Infrastructure", "ISL.TPP.Infrastructure\ISL.TPP.Infrastructure.csproj", "{9EE2D1D5-ABC7-431D-B432-0D5F8EDF8417}"
EndProject
Global
	GlobalSection(SolutionConfigurationPlatforms) = preSolution
		Acceptance|Any CPU = Acceptance|Any CPU
		Debug|Any CPU = Debug|Any CPU
		Release|Any CPU = Release|Any CPU
		Test|Any CPU = Test|Any CPU
	EndGlobalSection
	GlobalSection(ProjectConfigurationPlatforms) = postSolution
		{9A2923F7-9347-47E2-83B5-41828A56EAAC}.Acceptance|Any CPU.ActiveCfg = Release|Any CPU
		{9A2923F7-9347-47E2-83B5-41828A56EAAC}.Acceptance|Any CPU.Build.0 = Release|Any CPU
		{9A2923F7-9347-47E2-83B5-41828A56EAAC}.Debug|Any CPU.ActiveCfg = Debug|Any CPU
		{9A2923F7-9347-47E2-83B5-41828A56EAAC}.Debug|Any CPU.Build.0 = Debug|Any CPU
		{9A2923F7-9347-47E2-83B5-41828A56EAAC}.Release|Any CPU.ActiveCfg = Release|Any CPU
		{9A2923F7-9347-47E2-83B5-41828A56EAAC}.Release|Any CPU.Build.0 = Release|Any CPU
		{9A2923F7-9347-47E2-83B5-41828A56EAAC}.Test|Any CPU.ActiveCfg = Release|Any CPU
		{9A2923F7-9347-47E2-83B5-41828A56EAAC}.Test|Any CPU.Build.0 = Release|Any CPU
		{B99B58A1-130E-4640-98C1-F1C40745782A}.Acceptance|Any CPU.ActiveCfg = Acceptance|Any CPU
		{B99B58A1-130E-4640-98C1-F1C40745782A}.Acceptance|Any CPU.Build.0 = Acceptance|Any CPU
		{B99B58A1-130E-4640-98C1-F1C40745782A}.Debug|Any CPU.ActiveCfg = Debug|Any CPU
		{B99B58A1-130E-4640-98C1-F1C40745782A}.Debug|Any CPU.Build.0 = Debug|Any CPU
		{B99B58A1-130E-4640-98C1-F1C40745782A}.Release|Any CPU.ActiveCfg = Release|Any CPU
		{B99B58A1-130E-4640-98C1-F1C40745782A}.Release|Any CPU.Build.0 = Release|Any CPU
		{B99B58A1-130E-4640-98C1-F1C40745782A}.Test|Any CPU.ActiveCfg = Test|Any CPU
		{B99B58A1-130E-4640-98C1-F1C40745782A}.Test|Any CPU.Build.0 = Test|Any CPU
		{3B2665B9-58FA-4766-AD80-13DC1CBDDCA4}.Acceptance|Any CPU.ActiveCfg = Acceptance|Any CPU
		{3B2665B9-58FA-4766-AD80-13DC1CBDDCA4}.Acceptance|Any CPU.Build.0 = Acceptance|Any CPU
		{3B2665B9-58FA-4766-AD80-13DC1CBDDCA4}.Debug|Any CPU.ActiveCfg = Debug|Any CPU
		{3B2665B9-58FA-4766-AD80-13DC1CBDDCA4}.Debug|Any CPU.Build.0 = Debug|Any CPU
		{3B2665B9-58FA-4766-AD80-13DC1CBDDCA4}.Release|Any CPU.ActiveCfg = Release|Any CPU
		{3B2665B9-58FA-4766-AD80-13DC1CBDDCA4}.Release|Any CPU.Build.0 = Release|Any CPU
		{3B2665B9-58FA-4766-AD80-13DC1CBDDCA4}.Test|Any CPU.ActiveCfg = Test|Any CPU
		{3B2665B9-58FA-4766-AD80-13DC1CBDDCA4}.Test|Any CPU.Build.0 = Test|Any CPU
		{654CFE23-769A-490C-ACA5-2CF0B0E29929}.Acceptance|Any CPU.ActiveCfg = Debug|Any CPU
		{654CFE23-769A-490C-ACA5-2CF0B0E29929}.Acceptance|Any CPU.Build.0 = Debug|Any CPU
		{654CFE23-769A-490C-ACA5-2CF0B0E29929}.Debug|Any CPU.ActiveCfg = Debug|Any CPU
		{654CFE23-769A-490C-ACA5-2CF0B0E29929}.Debug|Any CPU.Build.0 = Debug|Any CPU
		{654CFE23-769A-490C-ACA5-2CF0B0E29929}.Release|Any CPU.ActiveCfg = Release|Any CPU
		{654CFE23-769A-490C-ACA5-2CF0B0E29929}.Release|Any CPU.Build.0 = Release|Any CPU
		{654CFE23-769A-490C-ACA5-2CF0B0E29929}.Test|Any CPU.ActiveCfg = Debug|Any CPU
		{654CFE23-769A-490C-ACA5-2CF0B0E29929}.Test|Any CPU.Build.0 = Debug|Any CPU
		{9A9AE8E2-271B-4D37-BD1F-A0300F2D1F3E}.Acceptance|Any CPU.ActiveCfg = Acceptance|Any CPU
		{9A9AE8E2-271B-4D37-BD1F-A0300F2D1F3E}.Acceptance|Any CPU.Build.0 = Acceptance|Any CPU
		{9A9AE8E2-271B-4D37-BD1F-A0300F2D1F3E}.Debug|Any CPU.ActiveCfg = Debug|Any CPU
		{9A9AE8E2-271B-4D37-BD1F-A0300F2D1F3E}.Debug|Any CPU.Build.0 = Debug|Any CPU
		{9A9AE8E2-271B-4D37-BD1F-A0300F2D1F3E}.Release|Any CPU.ActiveCfg = Release|Any CPU
		{9A9AE8E2-271B-4D37-BD1F-A0300F2D1F3E}.Release|Any CPU.Build.0 = Release|Any CPU
		{9A9AE8E2-271B-4D37-BD1F-A0300F2D1F3E}.Test|Any CPU.ActiveCfg = Test|Any CPU
		{9A9AE8E2-271B-4D37-BD1F-A0300F2D1F3E}.Test|Any CPU.Build.0 = Test|Any CPU
		{9EE2D1D5-ABC7-431D-B432-0D5F8EDF8417}.Acceptance|Any CPU.ActiveCfg = Debug|Any CPU
		{9EE2D1D5-ABC7-431D-B432-0D5F8EDF8417}.Acceptance|Any CPU.Build.0 = Debug|Any CPU
		{9EE2D1D5-ABC7-431D-B432-0D5F8EDF8417}.Debug|Any CPU.ActiveCfg = Debug|Any CPU
		{9EE2D1D5-ABC7-431D-B432-0D5F8EDF8417}.Debug|Any CPU.Build.0 = Debug|Any CPU
		{9EE2D1D5-ABC7-431D-B432-0D5F8EDF8417}.Release|Any CPU.ActiveCfg = Release|Any CPU
		{9EE2D1D5-ABC7-431D-B432-0D5F8EDF8417}.Release|Any CPU.Build.0 = Release|Any CPU
		{9EE2D1D5-ABC7-431D-B432-0D5F8EDF8417}.Test|Any CPU.ActiveCfg = Debug|Any CPU
		{9EE2D1D5-ABC7-431D-B432-0D5F8EDF8417}.Test|Any CPU.Build.0 = Debug|Any CPU
	EndGlobalSection
	GlobalSection(SolutionProperties) = preSolution
		HideSolutionNode = FALSE
	EndGlobalSection
	GlobalSection(NestedProjects) = preSolution
		{9A2923F7-9347-47E2-83B5-41828A56EAAC} = {308FCAF7-7B1B-4FAC-A695-C0A34846EA68}
		{B99B58A1-130E-4640-98C1-F1C40745782A} = {308FCAF7-7B1B-4FAC-A695-C0A34846EA68}
		{3B2665B9-58FA-4766-AD80-13DC1CBDDCA4} = {308FCAF7-7B1B-4FAC-A695-C0A34846EA68}
		{654CFE23-769A-490C-ACA5-2CF0B0E29929} = {69D760BC-C84A-478A-95E3-1921B1D267C6}
		{9A9AE8E2-271B-4D37-BD1F-A0300F2D1F3E} = {308FCAF7-7B1B-4FAC-A695-C0A34846EA68}
		{9EE2D1D5-ABC7-431D-B432-0D5F8EDF8417} = {308FCAF7-7B1B-4FAC-A695-C0A34846EA68}
	EndGlobalSection
	GlobalSection(ExtensibilityGlobals) = postSolution
		SolutionGuid = {EE18C77B-7AE9-420D-B0BA-48BCCB6A447F}
	EndGlobalSection
EndGlobal
